
Microsoft Visual Studio Solution File, Format Version 12.00
# Visual Studio 14
VisualStudioVersion = 14.0.24720.0
MinimumVisualStudioVersion = 10.0.40219.1
Project("{FAE04EC0-301F-11D3-BF4B-00C04F79EFBC}") = "ResponseHub.UI", "ResponseHub.UI\ResponseHub.UI.csproj", "{AE4E432F-C3FA-49DC-A0C3-CCC564F1E3A8}"
EndProject
Project("{FAE04EC0-301F-11D3-BF4B-00C04F79EFBC}") = "ResponseHub.ApplicationServices", "ResponseHub.ApplicationServices\ResponseHub.ApplicationServices.csproj", "{A77EF1A1-1492-41AC-B62E-D14F9C01014F}"
EndProject
Project("{FAE04EC0-301F-11D3-BF4B-00C04F79EFBC}") = "ResponseHub.Common", "ResponseHub.Common\ResponseHub.Common.csproj", "{64B4F6F9-8E0E-4475-8895-D7D4B0C1DA4B}"
EndProject
Project("{FAE04EC0-301F-11D3-BF4B-00C04F79EFBC}") = "ResponseHub.DataAccess", "ResponseHub.DataAccess\ResponseHub.DataAccess.csproj", "{CF5C523B-660B-4538-9A64-928E7601804E}"
EndProject
Project("{FAE04EC0-301F-11D3-BF4B-00C04F79EFBC}") = "ResponseHub.Model", "ResponseHub.Model\ResponseHub.Model.csproj", "{63EBC394-CAED-4B0B-974C-BA56F619F853}"
EndProject
Project("{FAE04EC0-301F-11D3-BF4B-00C04F79EFBC}") = "ResponseHub.Logging", "ResponseHub.Logging\ResponseHub.Logging.csproj", "{38015057-6FF4-4EE7-B101-550A99578671}"
EndProject
Project("{2150E333-8FDC-42A3-9474-1A3956D46DE8}") = "WindowsService", "WindowsService", "{A9CE0402-08E1-467F-835D-8C26A81534E7}"
EndProject
Project("{FAE04EC0-301F-11D3-BF4B-00C04F79EFBC}") = "ResponseHub.WindowsService", "WindowsService\ResponseHub.WindowsService\ResponseHub.WindowsService.csproj", "{AC7CC788-CCD2-4EEE-931F-C6DBEB9740BF}"
EndProject
Project("{FAE04EC0-301F-11D3-BF4B-00C04F79EFBC}") = "ResponseHub.WindowsService.Tests", "WindowsService\ResponseHub.WindowsService.Tests\ResponseHub.WindowsService.Tests.csproj", "{7801E1F6-7509-4B25-9BE1-37B43F2DE5F0}"
EndProject
Project("{2150E333-8FDC-42A3-9474-1A3956D46DE8}") = "MapIndexes", "MapIndexes", "{9C330DC4-9A2E-411C-BE7B-143B59B6530B}"
EndProject
Project("{FAE04EC0-301F-11D3-BF4B-00C04F79EFBC}") = "ResponseHub.MapIndexParser", "MapIndexes\ResponseHub.MapIndexParser\ResponseHub.MapIndexParser.csproj", "{6BF6D3A0-1797-4D46-A27C-E073D6A531B4}"
EndProject
Project("{FAE04EC0-301F-11D3-BF4B-00C04F79EFBC}") = "ResponseHub.Caching", "ResponseHub.Caching\ResponseHub.Caching.csproj", "{ADDE3186-948D-4296-8F92-B4EF9D3379B9}"
EndProject
Project("{2150E333-8FDC-42A3-9474-1A3956D46DE8}") = "Tests", "Tests", "{F118DA4A-AF5A-4C8A-9651-AF604DB40467}"
EndProject
Project("{FAE04EC0-301F-11D3-BF4B-00C04F79EFBC}") = "ResponseHub.Tests.Unit", "Tests\ResponseHub.Tests.Unit\ResponseHub.Tests.Unit.csproj", "{C1273DE7-873C-4FC6-B5B2-79D27B2B71EA}"
EndProject
Project("{FAE04EC0-301F-11D3-BF4B-00C04F79EFBC}") = "ResponseHub.Mail", "ResponseHub.Mail\ResponseHub.Mail.csproj", "{BAC4BA31-D159-4C2D-A508-BFE3522BFE1D}"
EndProject
Global
	GlobalSection(SolutionConfigurationPlatforms) = preSolution
		Debug|Any CPU = Debug|Any CPU
		Release|Any CPU = Release|Any CPU
	EndGlobalSection
	GlobalSection(ProjectConfigurationPlatforms) = postSolution
		{AE4E432F-C3FA-49DC-A0C3-CCC564F1E3A8}.Debug|Any CPU.ActiveCfg = Debug|Any CPU
		{AE4E432F-C3FA-49DC-A0C3-CCC564F1E3A8}.Debug|Any CPU.Build.0 = Debug|Any CPU
		{AE4E432F-C3FA-49DC-A0C3-CCC564F1E3A8}.Release|Any CPU.ActiveCfg = Release|Any CPU
		{AE4E432F-C3FA-49DC-A0C3-CCC564F1E3A8}.Release|Any CPU.Build.0 = Release|Any CPU
		{A77EF1A1-1492-41AC-B62E-D14F9C01014F}.Debug|Any CPU.ActiveCfg = Debug|Any CPU
		{A77EF1A1-1492-41AC-B62E-D14F9C01014F}.Debug|Any CPU.Build.0 = Debug|Any CPU
		{A77EF1A1-1492-41AC-B62E-D14F9C01014F}.Release|Any CPU.ActiveCfg = Release|Any CPU
		{A77EF1A1-1492-41AC-B62E-D14F9C01014F}.Release|Any CPU.Build.0 = Release|Any CPU
		{64B4F6F9-8E0E-4475-8895-D7D4B0C1DA4B}.Debug|Any CPU.ActiveCfg = Debug|Any CPU
		{64B4F6F9-8E0E-4475-8895-D7D4B0C1DA4B}.Debug|Any CPU.Build.0 = Debug|Any CPU
		{64B4F6F9-8E0E-4475-8895-D7D4B0C1DA4B}.Release|Any CPU.ActiveCfg = Release|Any CPU
		{64B4F6F9-8E0E-4475-8895-D7D4B0C1DA4B}.Release|Any CPU.Build.0 = Release|Any CPU
		{CF5C523B-660B-4538-9A64-928E7601804E}.Debug|Any CPU.ActiveCfg = Debug|Any CPU
		{CF5C523B-660B-4538-9A64-928E7601804E}.Debug|Any CPU.Build.0 = Debug|Any CPU
		{CF5C523B-660B-4538-9A64-928E7601804E}.Release|Any CPU.ActiveCfg = Release|Any CPU
		{CF5C523B-660B-4538-9A64-928E7601804E}.Release|Any CPU.Build.0 = Release|Any CPU
		{63EBC394-CAED-4B0B-974C-BA56F619F853}.Debug|Any CPU.ActiveCfg = Debug|Any CPU
		{63EBC394-CAED-4B0B-974C-BA56F619F853}.Debug|Any CPU.Build.0 = Debug|Any CPU
		{63EBC394-CAED-4B0B-974C-BA56F619F853}.Release|Any CPU.ActiveCfg = Release|Any CPU
		{63EBC394-CAED-4B0B-974C-BA56F619F853}.Release|Any CPU.Build.0 = Release|Any CPU
		{38015057-6FF4-4EE7-B101-550A99578671}.Debug|Any CPU.ActiveCfg = Debug|Any CPU
		{38015057-6FF4-4EE7-B101-550A99578671}.Debug|Any CPU.Build.0 = Debug|Any CPU
		{38015057-6FF4-4EE7-B101-550A99578671}.Release|Any CPU.ActiveCfg = Release|Any CPU
		{38015057-6FF4-4EE7-B101-550A99578671}.Release|Any CPU.Build.0 = Release|Any CPU
		{AC7CC788-CCD2-4EEE-931F-C6DBEB9740BF}.Debug|Any CPU.ActiveCfg = Debug|Any CPU
		{AC7CC788-CCD2-4EEE-931F-C6DBEB9740BF}.Debug|Any CPU.Build.0 = Debug|Any CPU
		{AC7CC788-CCD2-4EEE-931F-C6DBEB9740BF}.Release|Any CPU.ActiveCfg = Release|Any CPU
		{AC7CC788-CCD2-4EEE-931F-C6DBEB9740BF}.Release|Any CPU.Build.0 = Release|Any CPU
		{7801E1F6-7509-4B25-9BE1-37B43F2DE5F0}.Debug|Any CPU.ActiveCfg = Debug|Any CPU
		{7801E1F6-7509-4B25-9BE1-37B43F2DE5F0}.Debug|Any CPU.Build.0 = Debug|Any CPU
		{7801E1F6-7509-4B25-9BE1-37B43F2DE5F0}.Release|Any CPU.ActiveCfg = Release|Any CPU
		{7801E1F6-7509-4B25-9BE1-37B43F2DE5F0}.Release|Any CPU.Build.0 = Release|Any CPU
		{6BF6D3A0-1797-4D46-A27C-E073D6A531B4}.Debug|Any CPU.ActiveCfg = Debug|Any CPU
		{6BF6D3A0-1797-4D46-A27C-E073D6A531B4}.Debug|Any CPU.Build.0 = Debug|Any CPU
		{6BF6D3A0-1797-4D46-A27C-E073D6A531B4}.Release|Any CPU.ActiveCfg = Release|Any CPU
		{6BF6D3A0-1797-4D46-A27C-E073D6A531B4}.Release|Any CPU.Build.0 = Release|Any CPU
		{ADDE3186-948D-4296-8F92-B4EF9D3379B9}.Debug|Any CPU.ActiveCfg = Debug|Any CPU
		{ADDE3186-948D-4296-8F92-B4EF9D3379B9}.Debug|Any CPU.Build.0 = Debug|Any CPU
		{ADDE3186-948D-4296-8F92-B4EF9D3379B9}.Release|Any CPU.ActiveCfg = Release|Any CPU
		{ADDE3186-948D-4296-8F92-B4EF9D3379B9}.Release|Any CPU.Build.0 = Release|Any CPU
		{C1273DE7-873C-4FC6-B5B2-79D27B2B71EA}.Debug|Any CPU.ActiveCfg = Debug|Any CPU
		{C1273DE7-873C-4FC6-B5B2-79D27B2B71EA}.Debug|Any CPU.Build.0 = Debug|Any CPU
		{C1273DE7-873C-4FC6-B5B2-79D27B2B71EA}.Release|Any CPU.ActiveCfg = Release|Any CPU
		{C1273DE7-873C-4FC6-B5B2-79D27B2B71EA}.Release|Any CPU.Build.0 = Release|Any CPU
		{BAC4BA31-D159-4C2D-A508-BFE3522BFE1D}.Debug|Any CPU.ActiveCfg = Debug|Any CPU
		{BAC4BA31-D159-4C2D-A508-BFE3522BFE1D}.Debug|Any CPU.Build.0 = Debug|Any CPU
		{BAC4BA31-D159-4C2D-A508-BFE3522BFE1D}.Release|Any CPU.ActiveCfg = Release|Any CPU
		{BAC4BA31-D159-4C2D-A508-BFE3522BFE1D}.Release|Any CPU.Build.0 = Release|Any CPU
	EndGlobalSection
	GlobalSection(SolutionProperties) = preSolution
		HideSolutionNode = FALSE
	EndGlobalSection
	GlobalSection(NestedProjects) = preSolution
		{AC7CC788-CCD2-4EEE-931F-C6DBEB9740BF} = {A9CE0402-08E1-467F-835D-8C26A81534E7}
		{7801E1F6-7509-4B25-9BE1-37B43F2DE5F0} = {A9CE0402-08E1-467F-835D-8C26A81534E7}
		{6BF6D3A0-1797-4D46-A27C-E073D6A531B4} = {9C330DC4-9A2E-411C-BE7B-143B59B6530B}
		{C1273DE7-873C-4FC6-B5B2-79D27B2B71EA} = {F118DA4A-AF5A-4C8A-9651-AF604DB40467}
	EndGlobalSection
EndGlobal
